Terraform used the selected providers to generate the following execution plan. Resource actions are indicated with the following symbols:
  ~ update in-place
-/+ destroy and then create replacement

Terraform will perform the following actions:

  # aws_instance.web-instance must be replaced
-/+ resource "aws_instance" "web-instance" {
      ~ arn                                  = "arn:aws:ec2:us-east-1:533267294346:instance/i-04120dcfff854b655" -> (known after apply)
      ~ associate_public_ip_address          = false -> (known after apply)
      ~ availability_zone                    = "us-east-1a" -> (known after apply)
      ~ cpu_core_count                       = 1 -> (known after apply)
      ~ cpu_threads_per_core                 = 1 -> (known after apply)
      ~ disable_api_stop                     = false -> (known after apply)
      ~ disable_api_termination              = false -> (known after apply)
      ~ ebs_optimized                        = false -> (known after apply)
      - hibernation                          = false -> null
      + host_id                              = (known after apply)
      + host_resource_group_arn              = (known after apply)
      + iam_instance_profile                 = (known after apply)
      ~ id                                   = "i-04120dcfff854b655" -> (known after apply)
      ~ instance_initiated_shutdown_behavior = "stop" -> (known after apply)
      + instance_lifecycle                   = (known after apply)
      ~ instance_state                       = "running" -> (known after apply)
      ~ ipv6_address_count                   = 0 -> (known after apply)
      ~ ipv6_addresses                       = [] -> (known after apply)
      + key_name                             = (known after apply)
      ~ monitoring                           = false -> (known after apply)
      + outpost_arn                          = (known after apply)
      + password_data                        = (known after apply)
      + placement_group                      = (known after apply)
      ~ placement_partition_number           = 0 -> (known after apply)
      ~ primary_network_interface_id         = "eni-0f61b6145d63cfabc" -> (known after apply)
      ~ private_dns                          = "ip-10-0-3-10.ec2.internal" -> (known after apply)
      + public_dns                           = (known after apply)
      + public_ip                            = (known after apply)
      ~ secondary_private_ips                = [] -> (known after apply)
      ~ security_groups                      = [ # forces replacement
          + "sg-0458a633002fd11c0",
        ]
      + spot_instance_request_id             = (known after apply)
        tags                                 = {
            "Name" = "3-tier-web-ec2"
        }
      ~ tenancy                              = "default" -> (known after apply)
      + user_data_base64                     = (known after apply)
      ~ vpc_security_group_ids               = [
          - "sg-0458a633002fd11c0",
        ] -> (known after apply)
        # (9 unchanged attributes hidden)

      ~ capacity_reservation_specification {
          + ami                                  = (known after apply)
          + arn                                  = (known after apply)
          + associate_public_ip_address          = (known after apply)
          + availability_zone                    = (known after apply)
          + cpu_core_count                       = (known after apply)
          + cpu_threads_per_core                 = (known after apply)
          + disable_api_stop                     = (known after apply)
          + disable_api_termination              = (known after apply)
          + ebs_optimized                        = (known after apply)
          + get_password_data                    = (known after apply)
          + hibernation                          = (known after apply)
          + host_id                              = (known after apply)
          + host_resource_group_arn              = (known after apply)
          + iam_instance_profile                 = (known after apply)
          + id                                   = (known after apply)
          + instance_initiated_shutdown_behavior = (known after apply)
          + instance_lifecycle                   = (known after apply)
          + instance_state                       = (known after apply)
          + instance_type                        = (known after apply)
          + ipv6_address_count                   = (known after apply)
          + ipv6_addresses                       = (known after apply)
          + key_name                             = (known after apply)
          + monitoring                           = (known after apply)
          + outpost_arn                          = (known after apply)
          + password_data                        = (known after apply)
          + placement_group                      = (known after apply)
          + placement_partition_number           = (known after apply)
          + primary_network_interface_id         = (known after apply)
          + private_dns                          = (known after apply)
          + private_ip                           = (known after apply)
          + public_dns                           = (known after apply)
          + public_ip                            = (known after apply)
          + secondary_private_ips                = (known after apply)
          + security_groups                      = (known after apply)
          + source_dest_check                    = (known after apply)
          + spot_instance_request_id             = (known after apply)
          + subnet_id                            = (known after apply)
          + tags                                 = (known after apply)
          + tags_all                             = (known after apply)
          + tenancy                              = (known after apply)
          + user_data                            = (known after apply)
          + user_data_base64                     = (known after apply)
          + user_data_replace_on_change          = (known after apply)
          + volume_tags                          = (known after apply)
          + vpc_security_group_ids               = (known after apply)
        } -> (known after apply)

      ~ cpu_options {
          + ami                                  = (known after apply)
          + arn                                  = (known after apply)
          + associate_public_ip_address          = (known after apply)
          + availability_zone                    = (known after apply)
          + cpu_core_count                       = (known after apply)
          + cpu_threads_per_core                 = (known after apply)
          + disable_api_stop                     = (known after apply)
          + disable_api_termination              = (known after apply)
          + ebs_optimized                        = (known after apply)
          + get_password_data                    = (known after apply)
          + hibernation                          = (known after apply)
          + host_id                              = (known after apply)
          + host_resource_group_arn              = (known after apply)
          + iam_instance_profile                 = (known after apply)
          + id                                   = (known after apply)
          + instance_initiated_shutdown_behavior = (known after apply)
          + instance_lifecycle                   = (known after apply)
          + instance_state                       = (known after apply)
          + instance_type                        = (known after apply)
          + ipv6_address_count                   = (known after apply)
          + ipv6_addresses                       = (known after apply)
          + key_name                             = (known after apply)
          + monitoring                           = (known after apply)
          + outpost_arn                          = (known after apply)
          + password_data                        = (known after apply)
          + placement_group                      = (known after apply)
          + placement_partition_number           = (known after apply)
          + primary_network_interface_id         = (known after apply)
          + private_dns                          = (known after apply)
          + private_ip                           = (known after apply)
          + public_dns                           = (known after apply)
          + public_ip                            = (known after apply)
          + secondary_private_ips                = (known after apply)
          + security_groups                      = (known after apply)
          + source_dest_check                    = (known after apply)
          + spot_instance_request_id             = (known after apply)
          + subnet_id                            = (known after apply)
          + tags                                 = (known after apply)
          + tags_all                             = (known after apply)
          + tenancy                              = (known after apply)
          + user_data                            = (known after apply)
          + user_data_base64                     = (known after apply)
          + user_data_replace_on_change          = (known after apply)
          + volume_tags                          = (known after apply)
          + vpc_security_group_ids               = (known after apply)
        } -> (known after apply)

      - credit_specification {
          - cpu_credits = "standard" -> null
        }

      ~ ebs_block_device {
          + ami                                  = (known after apply)
          + arn                                  = (known after apply)
          + associate_public_ip_address          = (known after apply)
          + availability_zone                    = (known after apply)
          + cpu_core_count                       = (known after apply)
          + cpu_threads_per_core                 = (known after apply)
          + disable_api_stop                     = (known after apply)
          + disable_api_termination              = (known after apply)
          + ebs_optimized                        = (known after apply)
          + get_password_data                    = (known after apply)
          + hibernation                          = (known after apply)
          + host_id                              = (known after apply)
          + host_resource_group_arn              = (known after apply)
          + iam_instance_profile                 = (known after apply)
          + id                                   = (known after apply)
          + instance_initiated_shutdown_behavior = (known after apply)
          + instance_lifecycle                   = (known after apply)
          + instance_state                       = (known after apply)
          + instance_type                        = (known after apply)
          + ipv6_address_count                   = (known after apply)
          + ipv6_addresses                       = (known after apply)
          + key_name                             = (known after apply)
          + monitoring                           = (known after apply)
          + outpost_arn                          = (known after apply)
          + password_data                        = (known after apply)
          + placement_group                      = (known after apply)
          + placement_partition_number           = (known after apply)
          + primary_network_interface_id         = (known after apply)
          + private_dns                          = (known after apply)
          + private_ip                           = (known after apply)
          + public_dns                           = (known after apply)
          + public_ip                            = (known after apply)
          + secondary_private_ips                = (known after apply)
          + security_groups                      = (known after apply)
          + source_dest_check                    = (known after apply)
          + spot_instance_request_id             = (known after apply)
          + subnet_id                            = (known after apply)
          + tags                                 = (known after apply)
          + tags_all                             = (known after apply)
          + tenancy                              = (known after apply)
          + user_data                            = (known after apply)
          + user_data_base64                     = (known after apply)
          + user_data_replace_on_change          = (known after apply)
          + volume_tags                          = (known after apply)
          + vpc_security_group_ids               = (known after apply)
        } -> (known after apply)

      ~ enclave_options {
          + ami                                  = (known after apply)
          + arn                                  = (known after apply)
          + associate_public_ip_address          = (known after apply)
          + availability_zone                    = (known after apply)
          + cpu_core_count                       = (known after apply)
          + cpu_threads_per_core                 = (known after apply)
          + disable_api_stop                     = (known after apply)
          + disable_api_termination              = (known after apply)
          + ebs_optimized                        = (known after apply)
          + get_password_data                    = (known after apply)
          + hibernation                          = (known after apply)
          + host_id                              = (known after apply)
          + host_resource_group_arn              = (known after apply)
          + iam_instance_profile                 = (known after apply)
          + id                                   = (known after apply)
          + instance_initiated_shutdown_behavior = (known after apply)
          + instance_lifecycle                   = (known after apply)
          + instance_state                       = (known after apply)
          + instance_type                        = (known after apply)
          + ipv6_address_count                   = (known after apply)
          + ipv6_addresses                       = (known after apply)
          + key_name                             = (known after apply)
          + monitoring                           = (known after apply)
          + outpost_arn                          = (known after apply)
          + password_data                        = (known after apply)
          + placement_group                      = (known after apply)
          + placement_partition_number           = (known after apply)
          + primary_network_interface_id         = (known after apply)
          + private_dns                          = (known after apply)
          + private_ip                           = (known after apply)
          + public_dns                           = (known after apply)
          + public_ip                            = (known after apply)
          + secondary_private_ips                = (known after apply)
          + security_groups                      = (known after apply)
          + source_dest_check                    = (known after apply)
          + spot_instance_request_id             = (known after apply)
          + subnet_id                            = (known after apply)
          + tags                                 = (known after apply)
          + tags_all                             = (known after apply)
          + tenancy                              = (known after apply)
          + user_data                            = (known after apply)
          + user_data_base64                     = (known after apply)
          + user_data_replace_on_change          = (known after apply)
          + volume_tags                          = (known after apply)
          + vpc_security_group_ids               = (known after apply)
        } -> (known after apply)

      ~ ephemeral_block_device {
          + ami                                  = (known after apply)
          + arn                                  = (known after apply)
          + associate_public_ip_address          = (known after apply)
          + availability_zone                    = (known after apply)
          + cpu_core_count                       = (known after apply)
          + cpu_threads_per_core                 = (known after apply)
          + disable_api_stop                     = (known after apply)
          + disable_api_termination              = (known after apply)
          + ebs_optimized                        = (known after apply)
          + get_password_data                    = (known after apply)
          + hibernation                          = (known after apply)
          + host_id                              = (known after apply)
          + host_resource_group_arn              = (known after apply)
          + iam_instance_profile                 = (known after apply)
          + id                                   = (known after apply)
          + instance_initiated_shutdown_behavior = (known after apply)
          + instance_lifecycle                   = (known after apply)
          + instance_state                       = (known after apply)
          + instance_type                        = (known after apply)
          + ipv6_address_count                   = (known after apply)
          + ipv6_addresses                       = (known after apply)
          + key_name                             = (known after apply)
          + monitoring                           = (known after apply)
          + outpost_arn                          = (known after apply)
          + password_data                        = (known after apply)
          + placement_group                      = (known after apply)
          + placement_partition_number           = (known after apply)
          + primary_network_interface_id         = (known after apply)
          + private_dns                          = (known after apply)
          + private_ip                           = (known after apply)
          + public_dns                           = (known after apply)
          + public_ip                            = (known after apply)
          + secondary_private_ips                = (known after apply)
          + security_groups                      = (known after apply)
          + source_dest_check                    = (known after apply)
          + spot_instance_request_id             = (known after apply)
          + subnet_id                            = (known after apply)
          + tags                                 = (known after apply)
          + tags_all                             = (known after apply)
          + tenancy                              = (known after apply)
          + user_data                            = (known after apply)
          + user_data_base64                     = (known after apply)
          + user_data_replace_on_change          = (known after apply)
          + volume_tags                          = (known after apply)
          + vpc_security_group_ids               = (known after apply)
        } -> (known after apply)

      ~ instance_market_options {
          + ami                                  = (known after apply)
          + arn                                  = (known after apply)
          + associate_public_ip_address          = (known after apply)
          + availability_zone                    = (known after apply)
          + cpu_core_count                       = (known after apply)
          + cpu_threads_per_core                 = (known after apply)
          + disable_api_stop                     = (known after apply)
          + disable_api_termination              = (known after apply)
          + ebs_optimized                        = (known after apply)
          + get_password_data                    = (known after apply)
          + hibernation                          = (known after apply)
          + host_id                              = (known after apply)
          + host_resource_group_arn              = (known after apply)
          + iam_instance_profile                 = (known after apply)
          + id                                   = (known after apply)
          + instance_initiated_shutdown_behavior = (known after apply)
          + instance_lifecycle                   = (known after apply)
          + instance_state                       = (known after apply)
          + instance_type                        = (known after apply)
          + ipv6_address_count                   = (known after apply)
          + ipv6_addresses                       = (known after apply)
          + key_name                             = (known after apply)
          + monitoring                           = (known after apply)
          + outpost_arn                          = (known after apply)
          + password_data                        = (known after apply)
          + placement_group                      = (known after apply)
          + placement_partition_number           = (known after apply)
          + primary_network_interface_id         = (known after apply)
          + private_dns                          = (known after apply)
          + private_ip                           = (known after apply)
          + public_dns                           = (known after apply)
          + public_ip                            = (known after apply)
          + secondary_private_ips                = (known after apply)
          + security_groups                      = (known after apply)
          + source_dest_check                    = (known after apply)
          + spot_instance_request_id             = (known after apply)
          + subnet_id                            = (known after apply)
          + tags                                 = (known after apply)
          + tags_all                             = (known after apply)
          + tenancy                              = (known after apply)
          + user_data                            = (known after apply)
          + user_data_base64                     = (known after apply)
          + user_data_replace_on_change          = (known after apply)
          + volume_tags                          = (known after apply)
          + vpc_security_group_ids               = (known after apply)
        } -> (known after apply)

      ~ maintenance_options {
          + ami                                  = (known after apply)
          + arn                                  = (known after apply)
          + associate_public_ip_address          = (known after apply)
          + availability_zone                    = (known after apply)
          + cpu_core_count                       = (known after apply)
          + cpu_threads_per_core                 = (known after apply)
          + disable_api_stop                     = (known after apply)
          + disable_api_termination              = (known after apply)
          + ebs_optimized                        = (known after apply)
          + get_password_data                    = (known after apply)
          + hibernation                          = (known after apply)
          + host_id                              = (known after apply)
          + host_resource_group_arn              = (known after apply)
          + iam_instance_profile                 = (known after apply)
          + id                                   = (known after apply)
          + instance_initiated_shutdown_behavior = (known after apply)
          + instance_lifecycle                   = (known after apply)
          + instance_state                       = (known after apply)
          + instance_type                        = (known after apply)
          + ipv6_address_count                   = (known after apply)
          + ipv6_addresses                       = (known after apply)
          + key_name                             = (known after apply)
          + monitoring                           = (known after apply)
          + outpost_arn                          = (known after apply)
          + password_data                        = (known after apply)
          + placement_group                      = (known after apply)
          + placement_partition_number           = (known after apply)
          + primary_network_interface_id         = (known after apply)
          + private_dns                          = (known after apply)
          + private_ip                           = (known after apply)
          + public_dns                           = (known after apply)
          + public_ip                            = (known after apply)
          + secondary_private_ips                = (known after apply)
          + security_groups                      = (known after apply)
          + source_dest_check                    = (known after apply)
          + spot_instance_request_id             = (known after apply)
          + subnet_id                            = (known after apply)
          + tags                                 = (known after apply)
          + tags_all                             = (known after apply)
          + tenancy                              = (known after apply)
          + user_data                            = (known after apply)
          + user_data_base64                     = (known after apply)
          + user_data_replace_on_change          = (known after apply)
          + volume_tags                          = (known after apply)
          + vpc_security_group_ids               = (known after apply)
        } -> (known after apply)

      ~ metadata_options {
          ~ http_put_response_hop_limit = 1 -> (known after apply)
          ~ instance_metadata_tags      = "disabled" -> (known after apply)
            # (3 unchanged attributes hidden)
        }

      ~ network_interface {
          + ami                                  = (known after apply)
          + arn                                  = (known after apply)
          + associate_public_ip_address          = (known after apply)
          + availability_zone                    = (known after apply)
          + cpu_core_count                       = (known after apply)
          + cpu_threads_per_core                 = (known after apply)
          + disable_api_stop                     = (known after apply)
          + disable_api_termination              = (known after apply)
          + ebs_optimized                        = (known after apply)
          + get_password_data                    = (known after apply)
          + hibernation                          = (known after apply)
          + host_id                              = (known after apply)
          + host_resource_group_arn              = (known after apply)
          + iam_instance_profile                 = (known after apply)
          + id                                   = (known after apply)
          + instance_initiated_shutdown_behavior = (known after apply)
          + instance_lifecycle                   = (known after apply)
          + instance_state                       = (known after apply)
          + instance_type                        = (known after apply)
          + ipv6_address_count                   = (known after apply)
          + ipv6_addresses                       = (known after apply)
          + key_name                             = (known after apply)
          + monitoring                           = (known after apply)
          + outpost_arn                          = (known after apply)
          + password_data                        = (known after apply)
          + placement_group                      = (known after apply)
          + placement_partition_number           = (known after apply)
          + primary_network_interface_id         = (known after apply)
          + private_dns                          = (known after apply)
          + private_ip                           = (known after apply)
          + public_dns                           = (known after apply)
          + public_ip                            = (known after apply)
          + secondary_private_ips                = (known after apply)
          + security_groups                      = (known after apply)
          + source_dest_check                    = (known after apply)
          + spot_instance_request_id             = (known after apply)
          + subnet_id                            = (known after apply)
          + tags                                 = (known after apply)
          + tags_all                             = (known after apply)
          + tenancy                              = (known after apply)
          + user_data                            = (known after apply)
          + user_data_base64                     = (known after apply)
          + user_data_replace_on_change          = (known after apply)
          + volume_tags                          = (known after apply)
          + vpc_security_group_ids               = (known after apply)
        } -> (known after apply)

      ~ private_dns_name_options {
          + ami                                  = (known after apply)
          + arn                                  = (known after apply)
          + associate_public_ip_address          = (known after apply)
          + availability_zone                    = (known after apply)
          + cpu_core_count                       = (known after apply)
          + cpu_threads_per_core                 = (known after apply)
          + disable_api_stop                     = (known after apply)
          + disable_api_termination              = (known after apply)
          + ebs_optimized                        = (known after apply)
          + get_password_data                    = (known after apply)
          + hibernation                          = (known after apply)
          + host_id                              = (known after apply)
          + host_resource_group_arn              = (known after apply)
          + iam_instance_profile                 = (known after apply)
          + id                                   = (known after apply)
          + instance_initiated_shutdown_behavior = (known after apply)
          + instance_lifecycle                   = (known after apply)
          + instance_state                       = (known after apply)
          + instance_type                        = (known after apply)
          + ipv6_address_count                   = (known after apply)
          + ipv6_addresses                       = (known after apply)
          + key_name                             = (known after apply)
          + monitoring                           = (known after apply)
          + outpost_arn                          = (known after apply)
          + password_data                        = (known after apply)
          + placement_group                      = (known after apply)
          + placement_partition_number           = (known after apply)
          + primary_network_interface_id         = (known after apply)
          + private_dns                          = (known after apply)
          + private_ip                           = (known after apply)
          + public_dns                           = (known after apply)
          + public_ip                            = (known after apply)
          + secondary_private_ips                = (known after apply)
          + security_groups                      = (known after apply)
          + source_dest_check                    = (known after apply)
          + spot_instance_request_id             = (known after apply)
          + subnet_id                            = (known after apply)
          + tags                                 = (known after apply)
          + tags_all                             = (known after apply)
          + tenancy                              = (known after apply)
          + user_data                            = (known after apply)
          + user_data_base64                     = (known after apply)
          + user_data_replace_on_change          = (known after apply)
          + volume_tags                          = (known after apply)
          + vpc_security_group_ids               = (known after apply)
        } -> (known after apply)

      ~ root_block_device {
          + ami                                  = (known after apply)
          + arn                                  = (known after apply)
          + associate_public_ip_address          = (known after apply)
          + availability_zone                    = (known after apply)
          + cpu_core_count                       = (known after apply)
          + cpu_threads_per_core                 = (known after apply)
          + disable_api_stop                     = (known after apply)
          + disable_api_termination              = (known after apply)
          + ebs_optimized                        = (known after apply)
          + get_password_data                    = (known after apply)
          + hibernation                          = (known after apply)
          + host_id                              = (known after apply)
          + host_resource_group_arn              = (known after apply)
          + iam_instance_profile                 = (known after apply)
          + id                                   = (known after apply)
          + instance_initiated_shutdown_behavior = (known after apply)
          + instance_lifecycle                   = (known after apply)
          + instance_state                       = (known after apply)
          + instance_type                        = (known after apply)
          + ipv6_address_count                   = (known after apply)
          + ipv6_addresses                       = (known after apply)
          + key_name                             = (known after apply)
          + monitoring                           = (known after apply)
          + outpost_arn                          = (known after apply)
          + password_data                        = (known after apply)
          + placement_group                      = (known after apply)
          + placement_partition_number           = (known after apply)
          + primary_network_interface_id         = (known after apply)
          + private_dns                          = (known after apply)
          + private_ip                           = (known after apply)
          + public_dns                           = (known after apply)
          + public_ip                            = (known after apply)
          + secondary_private_ips                = (known after apply)
          + security_groups                      = (known after apply)
          + source_dest_check                    = (known after apply)
          + spot_instance_request_id             = (known after apply)
          + subnet_id                            = (known after apply)
          + tags                                 = (known after apply)
          + tags_all                             = (known after apply)
          + tenancy                              = (known after apply)
          + user_data                            = (known after apply)
          + user_data_base64                     = (known after apply)
          + user_data_replace_on_change          = (known after apply)
          + volume_tags                          = (known after apply)
          + vpc_security_group_ids               = (known after apply)
        } -> (known after apply)
    }

  # aws_route_table.private will be updated in-place
  ~ resource "aws_route_table" "private" {
        id               = "rtb-08a91752061d5114c"
      ~ route            = [
          - {
              - cidr_block                 = "0.0.0.0/0"
              - nat_gateway_id             = "nat-01e998c9e11bd61f6"
                # (11 unchanged attributes hidden)
            },
          + {
              + cidr_block                 = "0.0.0.0/0"
              + gateway_id                 = "nat-01e998c9e11bd61f6"
                # (11 unchanged attributes hidden)
            },
        ]
        tags             = {
            "Name" = "3-tier-private-route-table"
        }
        # (5 unchanged attributes hidden)
    }

Plan: 1 to add, 1 to change, 1 to destroy.
